
Microsoft Visual Studio Solution File, Format Version 12.00
# Visual Studio Version 17
VisualStudioVersion = 17.5.002.0
MinimumVisualStudioVersion = 10.0.40219.1
Project("{9A19103F-16F7-4668-BE54-9A1E7A4F7556}") = "mathExcerciseGenerator", "mathExcerciseGenerator.csproj", "{8118BECC-145F-4F55-83CD-A9BA46D48C1D}"
EndProject
Global
	GlobalSection(SolutionConfigurationPlatforms) = preSolution
		Debug|Any CPU = Debug|Any CPU
		Release|Any CPU = Release|Any CPU
	EndGlobalSection
	GlobalSection(ProjectConfigurationPlatforms) = postSolution
		{8118BECC-145F-4F55-83CD-A9BA46D48C1D}.Debug|Any CPU.ActiveCfg = Debug|Any CPU
		{8118BECC-145F-4F55-83CD-A9BA46D48C1D}.Debug|Any CPU.Build.0 = Debug|Any CPU
		{8118BECC-145F-4F55-83CD-A9BA46D48C1D}.Release|Any CPU.ActiveCfg = Release|Any CPU
		{8118BECC-145F-4F55-83CD-A9BA46D48C1D}.Release|Any CPU.Build.0 = Release|Any CPU
	EndGlobalSection
	GlobalSection(SolutionProperties) = preSolution
		HideSolutionNode = FALSE
	EndGlobalSection
	GlobalSection(ExtensibilityGlobals) = postSolution
		SolutionGuid = {3CEBBABD-5134-4451-BADE-E174C3C49BB0}
	EndGlobalSection
EndGlobal
